
Microsoft Visual Studio Solution File, Format Version 12.00
# Visual Studio 15
VisualStudioVersion = 15.0.28010.2026
MinimumVisualStudioVersion = 10.0.40219.1
Project("{2150E333-8FDC-42A3-9474-1A3956D46DE8}") = "Solution Items", "Solution Items", "{4DD742A5-A8E1-4EBA-A1D2-BA28ACDA72AB}"
	ProjectSection(SolutionItems) = preProject
		.clang-format = .clang-format
		README.md = README.md
	EndProjectSection
EndProject
Project("{8BC9CEB8-8B4A-11D0-8D11-00A0C91BC942}") = "Iterator", "code\Iterator\Iterator.vcxproj", "{4EBF7E5F-83AA-4091-B3D7-CF081C79F19F}"
EndProject
Global
	GlobalSection(SolutionConfigurationPlatforms) = preSolution
		Debug|x64 = Debug|x64
		Debug|x86 = Debug|x86
		Release|x64 = Release|x64
		Release|x86 = Release|x86
	EndGlobalSection
	GlobalSection(ProjectConfigurationPlatforms) = postSolution
		{4EBF7E5F-83AA-4091-B3D7-CF081C79F19F}.Debug|x64.ActiveCfg = Debug|x64
		{4EBF7E5F-83AA-4091-B3D7-CF081C79F19F}.Debug|x64.Build.0 = Debug|x64
		{4EBF7E5F-83AA-4091-B3D7-CF081C79F19F}.Debug|x86.ActiveCfg = Debug|Win32
		{4EBF7E5F-83AA-4091-B3D7-CF081C79F19F}.Debug|x86.Build.0 = Debug|Win32
		{4EBF7E5F-83AA-4091-B3D7-CF081C79F19F}.Release|x64.ActiveCfg = Release|x64
		{4EBF7E5F-83AA-4091-B3D7-CF081C79F19F}.Release|x64.Build.0 = Release|x64
		{4EBF7E5F-83AA-4091-B3D7-CF081C79F19F}.Release|x86.ActiveCfg = Release|Win32
		{4EBF7E5F-83AA-4091-B3D7-CF081C79F19F}.Release|x86.Build.0 = Release|Win32
	EndGlobalSection
	GlobalSection(SolutionProperties) = preSolution
		HideSolutionNode = FALSE
	EndGlobalSection
	GlobalSection(ExtensibilityGlobals) = postSolution
		SolutionGuid = {97CC640F-24DE-49AA-8773-78ED93E0CC00}
	EndGlobalSection
EndGlobal
